# This file is automatically @generated by Cargo.
# It is not intended for manual editing.
version = 4

[[package]]
name = "pqc-kyber"
version = "0.1.0"
dependencies = [
 "pqc-math",
]

[[package]]
name = "pqc-math"
version = "0.1.0"

[[package]]
name = "pqc-system"
version = "0.1.0"
dependencies = [
 "pqc-kyber",
 "pqc-math",
]
